version = 1
revision = 3
requires-python = ">=3.12.11, <3.13"

[[package]]
name = "apispec"
version = "6.3.1"
source = { registry = "https://pypi.org/simple" }
dependencies = [
    { name = "packaging" },
]
sdist = { url = "https://files.pythonhosted.org/packages/ff/0c/e70aa981d8ebe2e8a500a85c923579ce3363feccd704268e6ff8053875dd/apispec-6.3.1.tar.gz", hash = "sha256:b38e4479916d43f2b1e88ce15fc2fae93adf2e8d55cb59ec74ac66a827941483", size = 77634, upload-time = "2023-12-21T21:20:04.289Z" }
wheels = [
    { url = "https://files.pythonhosted.org/packages/fb/c8/6272a8de49888a61c312434537fadff1d2e854c0bba236f97eec3bf59ab3/apispec-6.3.1-py3-none-any.whl", hash = "sha256:c7f31da97c966bc94406622d4b8d0d769947a142b52e487765ea366f916bc273", size = 29620, upload-time = "2023-12-21T21:20:00.693Z" },
]

[[package]]
name = "astroid"
version = "3.0.3"
source = { registry = "https://pypi.org/simple" }
sdist = { url = "https://files.pythonhosted.org/packages/96/aa/60bf19fe9d33cd8753b0547df513c3004b33b9a482800d3af0845bcbb3d0/astroid-3.0.3.tar.gz", hash = "sha256:4148645659b08b70d72460ed1921158027a9e53ae8b7234149b1400eddacbb93", size = 395183, upload-time = "2024-02-04T15:16:28.236Z" }
wheels = [
    { url = "https://files.pythonhosted.org/packages/d4/b8/c0f47a9ee6927827116542e12a54d8b8c174b77644c2aba4e2092dfd8de6/astroid-3.0.3-py3-none-any.whl", hash = "sha256:92fcf218b89f449cdf9f7b39a269f8d5d617b27be68434912e11e79203963a17", size = 275225, upload-time = "2024-02-04T15:16:25.491Z" },
]

[[package]]
name = "auth-client"
version = "0.0.0"
source = { directory = "../optscale_client/auth_client" }
dependencies = [
    { name = "requests" },
    { name = "retrying" },
]

[package.metadata]
requires-dist = [
    { name = "requests", specifier = "==2.32.4" },
    { name = "retrying", specifier = "==1.4.1" },
]

[[package]]
name = "certifi"
version = "2025.8.3"
source = { registry = "https://pypi.org/simple" }
sdist = { url = "https://files.pythonhosted.org/packages/dc/67/960ebe6bf230a96cda2e0abcf73af550ec4f090005363542f0765df162e0/certifi-2025.8.3.tar.gz", hash = "sha256:e564105f78ded564e3ae7c923924435e1daa7463faeab5bb932bc53ffae63407", size = 162386, upload-time = "2025-08-03T03:07:47.08Z" }
wheels = [
    { url = "https://files.pythonhosted.org/packages/e5/48/1549795ba7742c948d2ad169c1c8cdbae65bc450d6cd753d124b17c8cd32/certifi-2025.8.3-py3-none-any.whl", hash = "sha256:f6c12493cfb1b06ba2ff328595af9350c65d6644968e5d3a2ffd78699af217a5", size = 161216, upload-time = "2025-08-03T03:07:45.777Z" },
]

[[package]]
name = "charset-normalizer"
version = "3.4.3"
source = { registry = "https://pypi.org/simple" }
sdist = { url = "https://files.pythonhosted.org/packages/83/2d/5fd176ceb9b2fc619e63405525573493ca23441330fcdaee6bef9460e924/charset_normalizer-3.4.3.tar.gz", hash = "sha256:6fce4b8500244f6fcb71465d4a4930d132ba9ab8e71a7859e6a5d59851068d14", size = 122371, upload-time = "2025-08-09T07:57:28.46Z" }
wheels = [
    { url = "https://files.pythonhosted.org/packages/e9/5e/14c94999e418d9b87682734589404a25854d5f5d0408df68bc15b6ff54bb/charset_normalizer-3.4.3-cp312-cp312-macosx_10_13_universal2.whl", hash = "sha256:e28e334d3ff134e88989d90ba04b47d84382a828c061d0d1027b1b12a62b39b1", size = 205655, upload-time = "2025-08-09T07:56:08.475Z" },
    { url = "https://files.pythonhosted.org/packages/7d/a8/c6ec5d389672521f644505a257f50544c074cf5fc292d5390331cd6fc9c3/charset_normalizer-3.4.3-cp312-cp312-manylinux2014_aarch64.manylinux_2_17_aarch64.manylinux_2_28_aarch64.whl", hash = "sha256:0cacf8f7297b0c4fcb74227692ca46b4a5852f8f4f24b3c766dd94a1075c4884", size = 146223, upload-time = "2025-08-09T07:56:09.708Z" },
    { url = "https://files.pythonhosted.org/packages/fc/eb/a2ffb08547f4e1e5415fb69eb7db25932c52a52bed371429648db4d84fb1/charset_normalizer-3.4.3-cp312-cp312-manylinux2014_ppc64le.manylinux_2_17_ppc64le.manylinux_2_28_ppc64le.whl", hash = "sha256:c6fd51128a41297f5409deab284fecbe5305ebd7e5a1f959bee1c054622b7018", size = 159366, upload-time = "2025-08-09T07:56:11.326Z" },
    { url = "https://files.pythonhosted.org/packages/82/10/0fd19f20c624b278dddaf83b8464dcddc2456cb4b02bb902a6da126b87a1/charset_normalizer-3.4.3-cp312-cp312-manylinux2014_s390x.manylinux_2_17_s390x.manylinux_2_28_s390x.whl", hash = "sha256:3cfb2aad70f2c6debfbcb717f23b7eb55febc0bb23dcffc0f076009da10c6392", size = 157104, upload-time = "2025-08-09T07:56:13.014Z" },
    { url = "https://files.pythonhosted.org/packages/16/ab/0233c3231af734f5dfcf0844aa9582d5a1466c985bbed6cedab85af9bfe3/charset_normalizer-3.4.3-cp312-cp312-manylinux2014_x86_64.manylinux_2_17_x86_64.manylinux_2_28_x86_64.whl", hash = "sha256:1606f4a55c0fd363d754049cdf400175ee96c992b1f8018b993941f221221c5f", size = 151830, upload-time = "2025-08-09T07:56:14.428Z" },
    { url = "https://files.pythonhosted.org/packages/ae/02/e29e22b4e02839a0e4a06557b1999d0a47db3567e82989b5bb21f3fbbd9f/charset_normalizer-3.4.3-cp312-cp312-musllinux_1_2_aarch64.whl", hash = "sha256:027b776c26d38b7f15b26a5da1044f376455fb3766df8fc38563b4efbc515154", size = 148854, upload-time = "2025-08-09T07:56:16.051Z" },
    { url = "https://files.pythonhosted.org/packages/05/6b/e2539a0a4be302b481e8cafb5af8792da8093b486885a1ae4d15d452bcec/charset_normalizer-3.4.3-cp312-cp312-musllinux_1_2_ppc64le.whl", hash = "sha256:42e5088973e56e31e4fa58eb6bd709e42fc03799c11c42929592889a2e54c491", size = 160670, upload-time = "2025-08-09T07:56:17.314Z" },
    { url = "https://files.pythonhosted.org/packages/31/e7/883ee5676a2ef217a40ce0bffcc3d0dfbf9e64cbcfbdf822c52981c3304b/charset_normalizer-3.4.3-cp312-cp312-musllinux_1_2_s390x.whl", hash = "sha256:cc34f233c9e71701040d772aa7490318673aa7164a0efe3172b2981218c26d93", size = 158501, upload-time = "2025-08-09T07:56:18.641Z" },
    { url = "https://files.pythonhosted.org/packages/c1/35/6525b21aa0db614cf8b5792d232021dca3df7f90a1944db934efa5d20bb1/charset_normalizer-3.4.3-cp312-cp312-musllinux_1_2_x86_64.whl", hash = "sha256:320e8e66157cc4e247d9ddca8e21f427efc7a04bbd0ac8a9faf56583fa543f9f", size = 153173, upload-time = "2025-08-09T07:56:20.289Z" },
    { url = "https://files.pythonhosted.org/packages/50/ee/f4704bad8201de513fdc8aac1cabc87e38c5818c93857140e06e772b5892/charset_normalizer-3.4.3-cp312-cp312-win32.whl", hash = "sha256:fb6fecfd65564f208cbf0fba07f107fb661bcd1a7c389edbced3f7a493f70e37", size = 99822, upload-time = "2025-08-09T07:56:21.551Z" },
    { url = "https://files.pythonhosted.org/packages/39/f5/3b3836ca6064d0992c58c7561c6b6eee1b3892e9665d650c803bd5614522/charset_normalizer-3.4.3-cp312-cp312-win_amd64.whl", hash = "sha256:86df271bf921c2ee3818f0522e9a5b8092ca2ad8b065ece5d7d9d0e9f4849bcc", size = 107543, upload-time = "2025-08-09T07:56:23.115Z" },
    { url = "https://files.pythonhosted.org/packages/8a/1f/f041989e93b001bc4e44bb1669ccdcf54d3f00e628229a85b08d330615c5/charset_normalizer-3.4.3-py3-none-any.whl", hash = "sha256:ce571ab16d890d23b5c278547ba694193a45011ff86a9162a71307ed9f86759a", size = 53175, upload-time = "2025-08-09T07:57:26.864Z" },
]

[[package]]
name = "colorama"
version = "0.4.6"
source = { registry = "https://pypi.org/simple" }
sdist = { url = "https://files.pythonhosted.org/packages/d8/53/6f443c9a4a8358a93a6792e2acffb9d9d5cb0a5cfd8802644b7b1c9a02e4/colorama-0.4.6.tar.gz", hash = "sha256:08695f5cb7ed6e0531a20572697297273c47b8cae5a63ffc6d6ed5c201be6e44", size = 27697, upload-time = "2022-10-25T02:36:22.414Z" }
wheels = [
    { url = "https://files.pythonhosted.org/packages/d1/d6/3965ed04c63042e047cb6a3e6ed1a63a35087b6a609aa3a15ed8ac56c221/colorama-0.4.6-py2.py3-none-any.whl", hash = "sha256:4f1d9991f5acc0ca119f9d443620b77f9d6b33703e51011c16baf57afb285fc6", size = 25335, upload-time = "2022-10-25T02:36:20.889Z" },
]

[[package]]
name = "config-client"
version = "0.0.0"
source = { directory = "../optscale_client/config_client" }
dependencies = [
    { name = "python-etcd" },
    { name = "retrying" },
    { name = "urllib3" },
]

[package.metadata]
requires-dist = [
    { name = "python-etcd", specifier = "==0.4.5" },
    { name = "retrying" },
    { name = "urllib3", specifier = "==2.5" },
]

[[package]]
name = "coverage"
version = "4.2"
source = { registry = "https://pypi.org/simple" }
sdist = { url = "https://files.pythonhosted.org/packages/53/fe/9e0fbdbca15c2c1253379c3a694f4315a420555e7874445b06edeaeacaea/coverage-4.2.tar.gz", hash = "sha256:e312776d3ef04632ec742ce2d2b7048b635073e0245e4f44dfe8b08cc50ac656", size = 359873, upload-time = "2016-07-26T21:09:39.762Z" }

[[package]]
name = "dill"
version = "0.4.0"
source = { registry = "https://pypi.org/simple" }
sdist = { url = "https://files.pythonhosted.org/packages/12/80/630b4b88364e9a8c8c5797f4602d0f76ef820909ee32f0bacb9f90654042/dill-0.4.0.tar.gz", hash = "sha256:0633f1d2df477324f53a895b02c901fb961bdbf65a17122586ea7019292cbcf0", size = 186976, upload-time = "2025-04-16T00:41:48.867Z" }
wheels = [
    { url = "https://files.pythonhosted.org/packages/50/3d/9373ad9c56321fdab5b41197068e1d8c25883b3fea29dd361f9b55116869/dill-0.4.0-py3-none-any.whl", hash = "sha256:44f54bf6412c2c8464c14e8243eb163690a9800dbe2c367330883b19c7561049", size = 119668, upload-time = "2025-04-16T00:41:47.671Z" },
]

[[package]]
name = "dnspython"
version = "2.8.0"
source = { registry = "https://pypi.org/simple" }
sdist = { url = "https://files.pythonhosted.org/packages/8c/8b/57666417c0f90f08bcafa776861060426765fdb422eb10212086fb811d26/dnspython-2.8.0.tar.gz", hash = "sha256:181d3c6996452cb1189c4046c61599b84a5a86e099562ffde77d26984ff26d0f", size = 368251, upload-time = "2025-09-07T18:58:00.022Z" }
wheels = [
    { url = "https://files.pythonhosted.org/packages/ba/5a/18ad964b0086c6e62e2e7500f7edc89e3faa45033c71c1893d34eed2b2de/dnspython-2.8.0-py3-none-any.whl", hash = "sha256:01d9bbc4a2d76bf0db7c1f729812ded6d912bd318d3b1cf81d30c0f845dbf3af", size = 331094, upload-time = "2025-09-07T18:57:58.071Z" },
]

[[package]]
name = "idna"
version = "3.10"
source = { registry = "https://pypi.org/simple" }
sdist = { url = "https://files.pythonhosted.org/packages/f1/70/7703c29685631f5a7590aa73f1f1d3fa9a380e654b86af429e0934a32f7d/idna-3.10.tar.gz", hash = "sha256:12f65c9b470abda6dc35cf8e63cc574b1c52b11df2c86030af0ac09b01b13ea9", size = 190490, upload-time = "2024-09-15T18:07:39.745Z" }
wheels = [
    { url = "https://files.pythonhosted.org/packages/76/c6/c88e154df9c4e1a2a66ccf0005a88dfb2650c1dffb6f5ce603dfbd452ce3/idna-3.10-py3-none-any.whl", hash = "sha256:946d195a0d259cbba61165e88e65941f16e9b36ea6ddb97f00452bae8b1287d3", size = 70442, upload-time = "2024-09-15T18:07:37.964Z" },
]

[[package]]
name = "isort"
version = "5.13.2"
source = { registry = "https://pypi.org/simple" }
sdist = { url = "https://files.pythonhosted.org/packages/87/f9/c1eb8635a24e87ade2efce21e3ce8cd6b8630bb685ddc9cdaca1349b2eb5/isort-5.13.2.tar.gz", hash = "sha256:48fdfcb9face5d58a4f6dde2e72a1fb8dcaf8ab26f95ab49fab84c2ddefb0109", size = 175303, upload-time = "2023-12-13T20:37:26.124Z" }
wheels = [
    { url = "https://files.pythonhosted.org/packages/d1/b3/8def84f539e7d2289a02f0524b944b15d7c75dab7628bedf1c4f0992029c/isort-5.13.2-py3-none-any.whl", hash = "sha256:8ca5e72a8d85860d5a3fa69b8745237f2939afe12dbf656afbcb47fe72d947a6", size = 92310, upload-time = "2023-12-13T20:37:23.244Z" },
]

[[package]]
name = "keeper"
version = "0.1.0"
source = { editable = "." }
dependencies = [
    { name = "apispec" },
    { name = "auth-client" },
    { name = "config-client" },
    { name = "mongoengine" },
    { name = "optscale-exceptions" },
    { name = "pymongo" },
    { name = "pyyaml" },
    { name = "requests" },
    { name = "tornado" },
]

[package.dev-dependencies]
dev = [
    { name = "coverage" },
    { name = "mongomock" },
    { name = "pycodestyle" },
    { name = "pylint" },
    { name = "report-client" },
    { name = "setuptools" },
]

[package.metadata]
requires-dist = [
    { name = "apispec", specifier = "==6.3.1" },
    { name = "auth-client", directory = "../optscale_client/auth_client" },
    { name = "config-client", directory = "../optscale_client/config_client" },
    { name = "mongoengine", specifier = "==0.27.0" },
    { name = "optscale-exceptions", directory = "../tools/optscale_exceptions" },
    { name = "pymongo", specifier = "==4.6.3" },
    { name = "pyyaml", specifier = "==6.0.1" },
    { name = "requests", specifier = "==2.32.4" },
    { name = "tornado", specifier = "===6.5.5" },
]

[package.metadata.requires-dev]
dev = [
    { name = "coverage", specifier = "==4.2" },
    { name = "mongomock", specifier = "==3.19.0" },
    { name = "pycodestyle", specifier = "==2.11.1" },
    { name = "pylint", specifier = "==3.0.2" },
    { name = "report-client", directory = "../optscale_client/report_client" },
    { name = "setuptools", specifier = "==80.9.0" },
]

[[package]]
name = "mccabe"
version = "0.7.0"
source = { registry = "https://pypi.org/simple" }
sdist = { url = "https://files.pythonhosted.org/packages/e7/ff/0ffefdcac38932a54d2b5eed4e0ba8a408f215002cd178ad1df0f2806ff8/mccabe-0.7.0.tar.gz", hash = "sha256:348e0240c33b60bbdf4e523192ef919f28cb2c3d7d5c7794f74009290f236325", size = 9658, upload-time = "2022-01-24T01:14:51.113Z" }
wheels = [
    { url = "https://files.pythonhosted.org/packages/27/1a/1f68f9ba0c207934b35b86a8ca3aad8395a3d6dd7921c0686e23853ff5a9/mccabe-0.7.0-py2.py3-none-any.whl", hash = "sha256:6c2d30ab6be0e4a46919781807b4f0d834ebdd6c6e3dca0bda5a15f863427b6e", size = 7350, upload-time = "2022-01-24T01:14:49.62Z" },
]

[[package]]
name = "mongoengine"
version = "0.27.0"
source = { registry = "https://pypi.org/simple" }
dependencies = [
    { name = "pymongo" },
]
sdist = { url = "https://files.pythonhosted.org/packages/f9/b3/8f368e8c925887adbd4c729ce12977c00ab53dfe0e53e84255a22c157983/mongoengine-0.27.0.tar.gz", hash = "sha256:8f38df7834dc4b192d89f2668dcf3091748d12f74d55648ce77b919167a4a49b", size = 167389, upload-time = "2023-03-03T10:26:13.45Z" }
wheels = [
    { url = "https://files.pythonhosted.org/packages/0a/16/4fac4a2f18b4a9b4c9010cf6e961868de93b78d136e415b69739abc169ca/mongoengine-0.27.0-py3-none-any.whl", hash = "sha256:c3523b8f886052f3deb200b3218bcc13e4b781661e3bea38587cc936c80ea358", size = 110601, upload-time = "2023-03-03T10:26:11.582Z" },
]

[[package]]
name = "mongomock"
version = "3.19.0"
source = { registry = "https://pypi.org/simple" }
dependencies = [
    { name = "sentinels" },
    { name = "six" },
]
sdist = { url = "https://files.pythonhosted.org/packages/98/d6/7e27d67cf26bc9ebc2700ae72e09f01b364958660bac3cacc800136f462f/mongomock-3.19.0.tar.gz", hash = "sha256:36aad3c6127eee9cdb52ac0186c6a60007f2412c9db715645eeccffc1258ce48", size = 100891, upload-time = "2020-02-03T09:06:35.574Z" }
wheels = [
    { url = "https://files.pythonhosted.org/packages/bf/4d/e481f7e0546467c188bae3198d756981a89dc95138e47f07495dfebff6f6/mongomock-3.19.0-py2.py3-none-any.whl", hash = "sha256:8faaffd875732bf55e38e1420a1b7212dde8d446c5852afb4c0884c1369b328b", size = 48567, upload-time = "2020-02-03T09:06:34.026Z" },
]

[[package]]
name = "optscale-exceptions"
version = "0.0.0"
source = { directory = "../tools/optscale_exceptions" }
dependencies = [
    { name = "requests" },
    { name = "tornado" },
]

[package.metadata]
requires-dist = [
    { name = "requests", specifier = "==2.32.4" },
    { name = "tornado", specifier = "===6.5.5" },
]

[[package]]
name = "packaging"
version = "25.0"
source = { registry = "https://pypi.org/simple" }
sdist = { url = "https://files.pythonhosted.org/packages/a1/d4/1fc4078c65507b51b96ca8f8c3ba19e6a61c8253c72794544580a7b6c24d/packaging-25.0.tar.gz", hash = "sha256:d443872c98d677bf60f6a1f2f8c1cb748e8fe762d2bf9d3148b5599295b0fc4f", size = 165727, upload-time = "2025-04-19T11:48:59.673Z" }
wheels = [
    { url = "https://files.pythonhosted.org/packages/20/12/38679034af332785aac8774540895e234f4d07f7545804097de4b666afd8/packaging-25.0-py3-none-any.whl", hash = "sha256:29572ef2b1f17581046b3a2227d5c611fb25ec70ca1ba8554b24b0e69331a484", size = 66469, upload-time = "2025-04-19T11:48:57.875Z" },
]

[[package]]
name = "platformdirs"
version = "4.4.0"
source = { registry = "https://pypi.org/simple" }
sdist = { url = "https://files.pythonhosted.org/packages/23/e8/21db9c9987b0e728855bd57bff6984f67952bea55d6f75e055c46b5383e8/platformdirs-4.4.0.tar.gz", hash = "sha256:ca753cf4d81dc309bc67b0ea38fd15dc97bc30ce419a7f58d13eb3bf14c4febf", size = 21634, upload-time = "2025-08-26T14:32:04.268Z" }
wheels = [
    { url = "https://files.pythonhosted.org/packages/40/4b/2028861e724d3bd36227adfa20d3fd24c3fc6d52032f4a93c133be5d17ce/platformdirs-4.4.0-py3-none-any.whl", hash = "sha256:abd01743f24e5287cd7a5db3752faf1a2d65353f38ec26d98e25a6db65958c85", size = 18654, upload-time = "2025-08-26T14:32:02.735Z" },
]

[[package]]
name = "pycodestyle"
version = "2.11.1"
source = { registry = "https://pypi.org/simple" }
sdist = { url = "https://files.pythonhosted.org/packages/34/8f/fa09ae2acc737b9507b5734a9aec9a2b35fa73409982f57db1b42f8c3c65/pycodestyle-2.11.1.tar.gz", hash = "sha256:41ba0e7afc9752dfb53ced5489e89f8186be00e599e712660695b7a75ff2663f", size = 38974, upload-time = "2023-10-12T23:39:39.762Z" }
wheels = [
    { url = "https://files.pythonhosted.org/packages/b1/90/a998c550d0ddd07e38605bb5c455d00fcc177a800ff9cc3dafdcb3dd7b56/pycodestyle-2.11.1-py2.py3-none-any.whl", hash = "sha256:44fe31000b2d866f2e41841b18528a505fbd7fef9017b04eff4e2648a0fadc67", size = 31132, upload-time = "2023-10-12T23:39:38.242Z" },
]

[[package]]
name = "pylint"
version = "3.0.2"
source = { registry = "https://pypi.org/simple" }
dependencies = [
    { name = "astroid" },
    { name = "colorama", marker = "sys_platform == 'win32'" },
    { name = "dill" },
    { name = "isort" },
    { name = "mccabe" },
    { name = "platformdirs" },
    { name = "tomlkit" },
]
sdist = { url = "https://files.pythonhosted.org/packages/10/ab/f0ad2a4fb3265d71685627db452398f769b48d64d81c7d66ca8c4f4c198b/pylint-3.0.2.tar.gz", hash = "sha256:0d4c286ef6d2f66c8bfb527a7f8a629009e42c99707dec821a03e1b51a4c1496", size = 441751, upload-time = "2023-10-22T13:55:20.274Z" }
wheels = [
    { url = "https://files.pythonhosted.org/packages/30/2e/228a17bc770bbb5b327e7a5ed50deb698e2d94f13dadca34cd36933ec4e6/pylint-3.0.2-py3-none-any.whl", hash = "sha256:60ed5f3a9ff8b61839ff0348b3624ceeb9e6c2a92c514d81c9cc273da3b6bcda", size = 510598, upload-time = "2023-10-22T13:55:18.204Z" },
]

[[package]]
name = "pymongo"
version = "4.6.3"
source = { registry = "https://pypi.org/simple" }
dependencies = [
    { name = "dnspython" },
]
sdist = { url = "https://files.pythonhosted.org/packages/6f/5d/b05b09299f0b03219db9e31ea404e89c056f55a0aafbb403f6710391c44d/pymongo-4.6.3.tar.gz", hash = "sha256:400074090b9a631f120b42c61b222fd743490c133a5d2f99c0208cefcccc964e", size = 1431391, upload-time = "2024-03-28T01:25:26.899Z" }
wheels = [
    { url = "https://files.pythonhosted.org/packages/e3/2a/2618a4b06f171898567afcbea35e38b3331888bdc75ed0326722974186b4/pymongo-4.6.3-cp312-cp312-macosx_10_9_universal2.whl", hash = "sha256:722f2b709b63311c0efda4fa4c603661faa4bec6bad24a6cc41a3bc6d841bf09", size = 533505, upload-time = "2024-03-28T01:23:03.718Z" },
    { url = "https://files.pythonhosted.org/packages/e9/e0/282c46bb31f5a0b548153bd0f42a932765b217ac88e4b5e2f1fbad5eef07/pymongo-4.6.3-cp312-cp312-manylinux_2_17_aarch64.manylinux2014_aarch64.whl", hash = "sha256:994386a4d6ad39e18bcede6dc8d1d693ec3ed897b88f86b1841fbc37227406da", size = 694486, upload-time = "2024-03-28T01:23:07.15Z" },
    { url = "https://files.pythonhosted.org/packages/e3/33/1e9c21c045dd1a5e13ba3f7fbf2675c5c8d03abd97bac987dfa31798e897/pymongo-4.6.3-cp312-cp312-manylinux_2_17_ppc64le.manylinux2014_ppc64le.whl", hash = "sha256:391aea047bba928006114282f175bc8d09c53fe1b7d8920bf888325e229302fe", size = 704572, upload-time = "2024-03-28T01:23:09.279Z" },
    { url = "https://files.pythonhosted.org/packages/d4/fe/70f5a2bf64ab3353bed4487b7f6ac8f6ca90b65dcb9f10e193f4135d9f9e/pymongo-4.6.3-cp312-cp312-manylinux_2_17_s390x.manylinux2014_s390x.whl", hash = "sha256:f4330c022024e7994b630199cdae909123e4b0e9cf15335de71b146c0f6a2435", size = 701333, upload-time = "2024-03-28T01:23:11.196Z" },
    { url = "https://files.pythonhosted.org/packages/e2/35/4b18e02232a86e7cb4ac478af78d33e3528182965e39c6d4dcac55284802/pymongo-4.6.3-cp312-cp312-manylinux_2_17_x86_64.manylinux2014_x86_64.whl", hash = "sha256:01277a7e183c59081368e4efbde2b8f577014431b257959ca98d3a4e8682dd51", size = 691985, upload-time = "2024-03-28T01:23:13.348Z" },
    { url = "https://files.pythonhosted.org/packages/86/3a/39bdf2351fc3a0296157d7416b4c1f783f4b602066d54d66299862d106a0/pymongo-4.6.3-cp312-cp312-manylinux_2_5_i686.manylinux1_i686.manylinux_2_17_i686.manylinux2014_i686.whl", hash = "sha256:d30d5d7963453b478016bf7b0d87d7089ca24d93dbdecfbc9aa32f1b4772160a", size = 680748, upload-time = "2024-03-28T01:23:15.804Z" },
    { url = "https://files.pythonhosted.org/packages/e0/9a/fb43e171d0b314ab75206e59ae87196045617422885aa0e32f6c59ac9b07/pymongo-4.6.3-cp312-cp312-win32.whl", hash = "sha256:a023804a3ac0f85d4510265b60978522368b5815772262e61e3a2222a8b315c9", size = 467744, upload-time = "2024-03-28T01:23:17.985Z" },
    { url = "https://files.pythonhosted.org/packages/b3/8a/fb83c32b40a47cbbbecff401e41f089b4387c76a806052ee4ac4810f06ad/pymongo-4.6.3-cp312-cp312-win_amd64.whl", hash = "sha256:2a6ae9a600bbc2dbff719c98bf5da584fb8a4f2bb23729a09be2e9c3dbc61c8a", size = 472992, upload-time = "2024-03-28T01:23:19.935Z" },
]

[[package]]
name = "python-etcd"
version = "0.4.5"
source = { registry = "https://pypi.org/simple" }
dependencies = [
    { name = "dnspython" },
    { name = "urllib3" },
]
sdist = { url = "https://files.pythonhosted.org/packages/a1/da/616a4d073642da5dd432e5289b7c1cb0963cc5dde23d1ecb8d726821ab41/python-etcd-0.4.5.tar.gz", hash = "sha256:f1b5ebb825a3e8190494f5ce1509fde9069f2754838ed90402a8c11e1f52b8cb", size = 37270, upload-time = "2017-03-02T23:05:36.016Z" }

[[package]]
name = "pyyaml"
version = "6.0.1"
source = { registry = "https://pypi.org/simple" }
sdist = { url = "https://files.pythonhosted.org/packages/cd/e5/af35f7ea75cf72f2cd079c95ee16797de7cd71f29ea7c68ae5ce7be1eda0/PyYAML-6.0.1.tar.gz", hash = "sha256:bfdf460b1736c775f2ba9f6a92bca30bc2095067b8a9d77876d1fad6cc3b4a43", size = 125201, upload-time = "2023-07-18T00:00:23.308Z" }
wheels = [
    { url = "https://files.pythonhosted.org/packages/bc/06/1b305bf6aa704343be85444c9d011f626c763abb40c0edc1cad13bfd7f86/PyYAML-6.0.1-cp312-cp312-macosx_10_9_x86_64.whl", hash = "sha256:855fb52b0dc35af121542a76b9a84f8d1cd886ea97c84703eaa6d88e37a2ad28", size = 178692, upload-time = "2023-08-28T18:43:24.924Z" },
    { url = "https://files.pythonhosted.org/packages/84/02/404de95ced348b73dd84f70e15a41843d817ff8c1744516bf78358f2ffd2/PyYAML-6.0.1-cp312-cp312-macosx_11_0_arm64.whl", hash = "sha256:40df9b996c2b73138957fe23a16a4f0ba614f4c0efce1e9406a184b6d07fa3a9", size = 165622, upload-time = "2023-08-28T18:43:26.54Z" },
    { url = "https://files.pythonhosted.org/packages/c7/4c/4a2908632fc980da6d918b9de9c1d9d7d7e70b2672b1ad5166ed27841ef7/PyYAML-6.0.1-cp312-cp312-manylinux_2_17_aarch64.manylinux2014_aarch64.whl", hash = "sha256:a08c6f0fe150303c1c6b71ebcd7213c2858041a7e01975da3a99aed1e7a378ef", size = 696937, upload-time = "2024-01-18T20:40:22.92Z" },
    { url = "https://files.pythonhosted.org/packages/b4/33/720548182ffa8344418126017aa1d4ab4aeec9a2275f04ce3f3573d8ace8/PyYAML-6.0.1-cp312-cp312-manylinux_2_17_x86_64.manylinux2014_x86_64.whl", hash = "sha256:6c22bec3fbe2524cde73d7ada88f6566758a8f7227bfbf93a408a9d86bcc12a0", size = 724969, upload-time = "2023-08-28T18:43:28.56Z" },
    { url = "https://files.pythonhosted.org/packages/4f/78/77b40157b6cb5f2d3d31a3d9b2efd1ba3505371f76730d267e8b32cf4b7f/PyYAML-6.0.1-cp312-cp312-musllinux_1_1_x86_64.whl", hash = "sha256:8d4e9c88387b0f5c7d5f281e55304de64cf7f9c0021a3525bd3b1c542da3b0e4", size = 712604, upload-time = "2023-08-28T18:43:30.206Z" },
    { url = "https://files.pythonhosted.org/packages/2e/97/3e0e089ee85e840f4b15bfa00e4e63d84a3691ababbfea92d6f820ea6f21/PyYAML-6.0.1-cp312-cp312-win32.whl", hash = "sha256:d483d2cdf104e7c9fa60c544d92981f12ad66a457afae824d146093b8c294c54", size = 126098, upload-time = "2023-08-28T18:43:31.835Z" },
    { url = "https://files.pythonhosted.org/packages/2b/9f/fbade56564ad486809c27b322d0f7e6a89c01f6b4fe208402e90d4443a99/PyYAML-6.0.1-cp312-cp312-win_amd64.whl", hash = "sha256:0d3304d8c0adc42be59c5f8a4d9e3d7379e6955ad754aa9d6ab7a398b59dd1df", size = 138675, upload-time = "2023-08-28T18:43:33.613Z" },
]

[[package]]
name = "report-client"
version = "0.0.0"
source = { directory = "../optscale_client/report_client" }
dependencies = [
    { name = "requests" },
    { name = "retrying" },
]

[package.metadata]
requires-dist = [
    { name = "requests", specifier = "==2.32.4" },
    { name = "retrying", specifier = "==1.4.1" },
]

[[package]]
name = "requests"
version = "2.32.4"
source = { registry = "https://pypi.org/simple" }
dependencies = [
    { name = "certifi" },
    { name = "charset-normalizer" },
    { name = "idna" },
    { name = "urllib3" },
]
sdist = { url = "https://files.pythonhosted.org/packages/e1/0a/929373653770d8a0d7ea76c37de6e41f11eb07559b103b1c02cafb3f7cf8/requests-2.32.4.tar.gz", hash = "sha256:27d0316682c8a29834d3264820024b62a36942083d52caf2f14c0591336d3422", size = 135258, upload-time = "2025-06-09T16:43:07.34Z" }
wheels = [
    { url = "https://files.pythonhosted.org/packages/7c/e4/56027c4a6b4ae70ca9de302488c5ca95ad4a39e190093d6c1a8ace08341b/requests-2.32.4-py3-none-any.whl", hash = "sha256:27babd3cda2a6d50b30443204ee89830707d396671944c998b5975b031ac2b2c", size = 64847, upload-time = "2025-06-09T16:43:05.728Z" },
]

[[package]]
name = "retrying"
version = "1.4.1"
source = { registry = "https://pypi.org/simple" }
sdist = { url = "https://files.pythonhosted.org/packages/6a/2e/90b236e496810c23eb428a1f3e2723849eb219d6196a4f7afe16f4981b5c/retrying-1.4.1.tar.gz", hash = "sha256:4d206e0ed2aff5ef2f3cd867abb9511e9e8f31127c5aca20f1d5246e476903b0", size = 11344, upload-time = "2025-07-19T09:39:01.906Z" }
wheels = [
    { url = "https://files.pythonhosted.org/packages/7f/25/f3b628e123699139b959551ed922f35af97fa1505e195ae3e6537a14fbc3/retrying-1.4.1-py3-none-any.whl", hash = "sha256:d736050c1adfc0a71fa022d9198ee130b0e66be318678a3fdd8b1b8872dc0997", size = 12184, upload-time = "2025-07-19T09:39:00.574Z" },
]

[[package]]
name = "sentinels"
version = "1.1.1"
source = { registry = "https://pypi.org/simple" }
sdist = { url = "https://files.pythonhosted.org/packages/6f/9b/07195878aa25fe6ed209ec74bc55ae3e3d263b60a489c6e73fdca3c8fe05/sentinels-1.1.1.tar.gz", hash = "sha256:3c2f64f754187c19e0a1a029b148b74cf58dd12ec27b4e19c0e5d6e22b5a9a86", size = 4393, upload-time = "2025-08-12T07:57:50.26Z" }
wheels = [
    { url = "https://files.pythonhosted.org/packages/49/65/dea992c6a97074f6d8ff9eab34741298cac2ce23e2b6c74fb7d08afdf85c/sentinels-1.1.1-py3-none-any.whl", hash = "sha256:835d3b28f3b47f5284afa4bf2db6e00f2dc5f80f9923d4b7e7aeeeccf6146a11", size = 3744, upload-time = "2025-08-12T07:57:48.858Z" },
]

[[package]]
name = "setuptools"
version = "80.9.0"
source = { registry = "https://pypi.org/simple" }
sdist = { url = "https://files.pythonhosted.org/packages/18/5d/3bf57dcd21979b887f014ea83c24ae194cfcd12b9e0fda66b957c69d1fca/setuptools-80.9.0.tar.gz", hash = "sha256:f36b47402ecde768dbfafc46e8e4207b4360c654f1f3bb84475f0a28628fb19c", size = 1319958, upload-time = "2025-05-27T00:56:51.443Z" }
wheels = [
    { url = "https://files.pythonhosted.org/packages/a3/dc/17031897dae0efacfea57dfd3a82fdd2a2aeb58e0ff71b77b87e44edc772/setuptools-80.9.0-py3-none-any.whl", hash = "sha256:062d34222ad13e0cc312a4c02d73f059e86a4acbfbdea8f8f76b28c99f306922", size = 1201486, upload-time = "2025-05-27T00:56:49.664Z" },
]

[[package]]
name = "six"
version = "1.17.0"
source = { registry = "https://pypi.org/simple" }
sdist = { url = "https://files.pythonhosted.org/packages/94/e7/b2c673351809dca68a0e064b6af791aa332cf192da575fd474ed7d6f16a2/six-1.17.0.tar.gz", hash = "sha256:ff70335d468e7eb6ec65b95b99d3a2836546063f63acc5171de367e834932a81", size = 34031, upload-time = "2024-12-04T17:35:28.174Z" }
wheels = [
    { url = "https://files.pythonhosted.org/packages/b7/ce/149a00dd41f10bc29e5921b496af8b574d8413afcd5e30dfa0ed46c2cc5e/six-1.17.0-py2.py3-none-any.whl", hash = "sha256:4721f391ed90541fddacab5acf947aa0d3dc7d27b2e1e8eda2be8970586c3274", size = 11050, upload-time = "2024-12-04T17:35:26.475Z" },
]

[[package]]
name = "tomlkit"
version = "0.13.3"
source = { registry = "https://pypi.org/simple" }
sdist = { url = "https://files.pythonhosted.org/packages/cc/18/0bbf3884e9eaa38819ebe46a7bd25dcd56b67434402b66a58c4b8e552575/tomlkit-0.13.3.tar.gz", hash = "sha256:430cf247ee57df2b94ee3fbe588e71d362a941ebb545dec29b53961d61add2a1", size = 185207, upload-time = "2025-06-05T07:13:44.947Z" }
wheels = [
    { url = "https://files.pythonhosted.org/packages/bd/75/8539d011f6be8e29f339c42e633aae3cb73bffa95dd0f9adec09b9c58e85/tomlkit-0.13.3-py3-none-any.whl", hash = "sha256:c89c649d79ee40629a9fda55f8ace8c6a1b42deb912b2a8fd8d942ddadb606b0", size = 38901, upload-time = "2025-06-05T07:13:43.546Z" },
]

[[package]]
name = "tornado"
version = "6.5.5"
source = { registry = "https://pypi.org/simple" }
sdist = { url = "https://files.pythonhosted.org/packages/f8/f1/3173dfa4a18db4a9b03e5d55325559dab51ee653763bb8745a75af491286/tornado-6.5.5.tar.gz", hash = "sha256:192b8f3ea91bd7f1f50c06955416ed76c6b72f96779b962f07f911b91e8d30e9", size = 516006, upload-time = "2026-03-10T21:31:02.067Z" }
wheels = [
    { url = "https://files.pythonhosted.org/packages/59/8c/77f5097695f4dd8255ecbd08b2a1ed8ba8b953d337804dd7080f199e12bf/tornado-6.5.5-cp39-abi3-macosx_10_9_universal2.whl", hash = "sha256:487dc9cc380e29f58c7ab88f9e27cdeef04b2140862e5076a66fb6bb68bb1bfa", size = 445983, upload-time = "2026-03-10T21:30:44.28Z" },
    { url = "https://files.pythonhosted.org/packages/ab/5e/7625b76cd10f98f1516c36ce0346de62061156352353ef2da44e5c21523c/tornado-6.5.5-cp39-abi3-macosx_10_9_x86_64.whl", hash = "sha256:65a7f1d46d4bb41df1ac99f5fcb685fb25c7e61613742d5108b010975a9a6521", size = 444246, upload-time = "2026-03-10T21:30:46.571Z" },
    { url = "https://files.pythonhosted.org/packages/b2/04/7b5705d5b3c0fab088f434f9c83edac1573830ca49ccf29fb83bf7178eec/tornado-6.5.5-cp39-abi3-manylinux1_x86_64.manylinux_2_28_x86_64.manylinux_2_5_x86_64.whl", hash = "sha256:e74c92e8e65086b338fd56333fb9a68b9f6f2fe7ad532645a290a464bcf46be5", size = 447229, upload-time = "2026-03-10T21:30:48.273Z" },
    { url = "https://files.pythonhosted.org/packages/34/01/74e034a30ef59afb4097ef8659515e96a39d910b712a89af76f5e4e1f93c/tornado-6.5.5-cp39-abi3-manylinux2014_aarch64.manylinux_2_17_aarch64.manylinux_2_28_aarch64.whl", hash = "sha256:435319e9e340276428bbdb4e7fa732c2d399386d1de5686cb331ec8eee754f07", size = 448192, upload-time = "2026-03-10T21:30:51.22Z" },
    { url = "https://files.pythonhosted.org/packages/be/00/fe9e02c5a96429fce1a1d15a517f5d8444f9c412e0bb9eadfbe3b0fc55bf/tornado-6.5.5-cp39-abi3-musllinux_1_2_aarch64.whl", hash = "sha256:3f54aa540bdbfee7b9eb268ead60e7d199de5021facd276819c193c0fb28ea4e", size = 448039, upload-time = "2026-03-10T21:30:53.52Z" },
    { url = "https://files.pythonhosted.org/packages/82/9e/656ee4cec0398b1d18d0f1eb6372c41c6b889722641d84948351ae19556d/tornado-6.5.5-cp39-abi3-musllinux_1_2_x86_64.whl", hash = "sha256:36abed1754faeb80fbd6e64db2758091e1320f6bba74a4cf8c09cd18ccce8aca", size = 447445, upload-time = "2026-03-10T21:30:55.541Z" },
    { url = "https://files.pythonhosted.org/packages/5a/76/4921c00511f88af86a33de770d64141170f1cfd9c00311aea689949e274e/tornado-6.5.5-cp39-abi3-win32.whl", hash = "sha256:dd3eafaaeec1c7f2f8fdcd5f964e8907ad788fe8a5a32c4426fbbdda621223b7", size = 448582, upload-time = "2026-03-10T21:30:57.142Z" },
    { url = "https://files.pythonhosted.org/packages/2c/23/f6c6112a04d28eed765e374435fb1a9198f73e1ec4b4024184f21faeb1ad/tornado-6.5.5-cp39-abi3-win_amd64.whl", hash = "sha256:6443a794ba961a9f619b1ae926a2e900ac20c34483eea67be4ed8f1e58d3ef7b", size = 448990, upload-time = "2026-03-10T21:30:58.857Z" },
    { url = "https://files.pythonhosted.org/packages/b7/c8/876602cbc96469911f0939f703453c1157b0c826ecb05bdd32e023397d4e/tornado-6.5.5-cp39-abi3-win_arm64.whl", hash = "sha256:2c9a876e094109333f888539ddb2de4361743e5d21eece20688e3e351e4990a6", size = 448016, upload-time = "2026-03-10T21:31:00.43Z" },
]

[[package]]
name = "urllib3"
version = "2.5.0"
source = { registry = "https://pypi.org/simple" }
sdist = { url = "https://files.pythonhosted.org/packages/15/22/9ee70a2574a4f4599c47dd506532914ce044817c7752a79b6a51286319bc/urllib3-2.5.0.tar.gz", hash = "sha256:3fc47733c7e419d4bc3f6b3dc2b4f890bb743906a30d56ba4a5bfa4bbff92760", size = 393185, upload-time = "2025-06-18T14:07:41.644Z" }
wheels = [
    { url = "https://files.pythonhosted.org/packages/a7/c2/fe1e52489ae3122415c51f387e221dd0773709bad6c6cdaa599e8a2c5185/urllib3-2.5.0-py3-none-any.whl", hash = "sha256:e6b01673c0fa6a13e374b50871808eb3bf7046c4b125b216f6bf1cc604cff0dc", size = 129795, upload-time = "2025-06-18T14:07:40.39Z" },
]
