version = 1
revision = 3
requires-python = ">=3.12.11, <3.13"

[[package]]
name = "amqp"
version = "5.3.1"
source = { registry = "https://pypi.org/simple" }
dependencies = [
    { name = "vine" },
]
sdist = { url = "https://files.pythonhosted.org/packages/79/fc/ec94a357dfc6683d8c86f8b4cfa5416a4c36b28052ec8260c77aca96a443/amqp-5.3.1.tar.gz", hash = "sha256:cddc00c725449522023bad949f70fff7b48f0b1ade74d170a6f10ab044739432", size = 129013, upload-time = "2024-11-12T19:55:44.051Z" }
wheels = [
    { url = "https://files.pythonhosted.org/packages/26/99/fc813cd978842c26c82534010ea849eee9ab3a13ea2b74e95cb9c99e747b/amqp-5.3.1-py3-none-any.whl", hash = "sha256:43b3319e1b4e7d1251833a93d672b4af1e40f3d632d479b98661a95f117880a2", size = 50944, upload-time = "2024-11-12T19:55:41.782Z" },
]

[[package]]
name = "astroid"
version = "3.0.3"
source = { registry = "https://pypi.org/simple" }
sdist = { url = "https://files.pythonhosted.org/packages/96/aa/60bf19fe9d33cd8753b0547df513c3004b33b9a482800d3af0845bcbb3d0/astroid-3.0.3.tar.gz", hash = "sha256:4148645659b08b70d72460ed1921158027a9e53ae8b7234149b1400eddacbb93", size = 395183, upload-time = "2024-02-04T15:16:28.236Z" }
wheels = [
    { url = "https://files.pythonhosted.org/packages/d4/b8/c0f47a9ee6927827116542e12a54d8b8c174b77644c2aba4e2092dfd8de6/astroid-3.0.3-py3-none-any.whl", hash = "sha256:92fcf218b89f449cdf9f7b39a269f8d5d617b27be68434912e11e79203963a17", size = 275225, upload-time = "2024-02-04T15:16:25.491Z" },
]

[[package]]
name = "boto3"
version = "1.34.7"
source = { registry = "https://pypi.org/simple" }
dependencies = [
    { name = "botocore" },
    { name = "jmespath" },
    { name = "s3transfer" },
]
sdist = { url = "https://files.pythonhosted.org/packages/ac/a1/85b8dabe78a242e19673773fe8b49d822ba530c1bc58564a70719508f731/boto3-1.34.7.tar.gz", hash = "sha256:76b62ca46a4632117b4cd31ae56164492e41afb9fec41973688293c536580561", size = 108352, upload-time = "2023-12-22T20:26:09.509Z" }
wheels = [
    { url = "https://files.pythonhosted.org/packages/c1/95/0104b05d2fc6a1cb769ad29e1b228fe9ee4bb2756c6d6a48298f8048eb5f/boto3-1.34.7-py3-none-any.whl", hash = "sha256:04c1cc752946f20513ed70058d4b750b3591c82bb59cbbe26157dbe125e687cc", size = 139305, upload-time = "2023-12-22T20:25:59.283Z" },
]

[[package]]
name = "botocore"
version = "1.34.162"
source = { registry = "https://pypi.org/simple" }
dependencies = [
    { name = "jmespath" },
    { name = "python-dateutil" },
    { name = "urllib3" },
]
sdist = { url = "https://files.pythonhosted.org/packages/22/de/17d672eac6725da49bd5832e3bd2f74c4d212311cd393fd56b59f51a4e86/botocore-1.34.162.tar.gz", hash = "sha256:adc23be4fb99ad31961236342b7cbf3c0bfc62532cd02852196032e8c0d682f3", size = 12676693, upload-time = "2024-08-15T19:25:25.162Z" }
wheels = [
    { url = "https://files.pythonhosted.org/packages/bc/47/e35f788047c91110f48703a6254e5c84e33111b3291f7b57a653ca00accf/botocore-1.34.162-py3-none-any.whl", hash = "sha256:2d918b02db88d27a75b48275e6fb2506e9adaaddbec1ffa6a8a0898b34e769be", size = 12468049, upload-time = "2024-08-15T19:25:18.301Z" },
]

[[package]]
name = "certifi"
version = "2026.2.25"
source = { registry = "https://pypi.org/simple" }
sdist = { url = "https://files.pythonhosted.org/packages/af/2d/7bf41579a8986e348fa033a31cdd0e4121114f6bce2457e8876010b092dd/certifi-2026.2.25.tar.gz", hash = "sha256:e887ab5cee78ea814d3472169153c2d12cd43b14bd03329a39a9c6e2e80bfba7", size = 155029, upload-time = "2026-02-25T02:54:17.342Z" }
wheels = [
    { url = "https://files.pythonhosted.org/packages/9a/3c/c17fb3ca2d9c3acff52e30b309f538586f9f5b9c9cf454f3845fc9af4881/certifi-2026.2.25-py3-none-any.whl", hash = "sha256:027692e4402ad994f1c42e52a4997a9763c646b73e4096e4d5d6db8af1d6f0fa", size = 153684, upload-time = "2026-02-25T02:54:15.766Z" },
]

[[package]]
name = "charset-normalizer"
version = "3.4.6"
source = { registry = "https://pypi.org/simple" }
sdist = { url = "https://files.pythonhosted.org/packages/7b/60/e3bec1881450851b087e301bedc3daa9377a4d45f1c26aa90b0b235e38aa/charset_normalizer-3.4.6.tar.gz", hash = "sha256:1ae6b62897110aa7c79ea2f5dd38d1abca6db663687c0b1ad9aed6f6bae3d9d6", size = 143363, upload-time = "2026-03-15T18:53:25.478Z" }
wheels = [
    { url = "https://files.pythonhosted.org/packages/e5/62/c0815c992c9545347aeea7859b50dc9044d147e2e7278329c6e02ac9a616/charset_normalizer-3.4.6-cp312-cp312-macosx_10_13_universal2.whl", hash = "sha256:2ef7fedc7a6ecbe99969cd09632516738a97eeb8bd7258bf8a0f23114c057dab", size = 295154, upload-time = "2026-03-15T18:50:50.88Z" },
    { url = "https://files.pythonhosted.org/packages/a8/37/bdca6613c2e3c58c7421891d80cc3efa1d32e882f7c4a7ee6039c3fc951a/charset_normalizer-3.4.6-cp312-cp312-manylinux2014_aarch64.manylinux_2_17_aarch64.manylinux_2_28_aarch64.whl", hash = "sha256:a4ea868bc28109052790eb2b52a9ab33f3aa7adc02f96673526ff47419490e21", size = 199191, upload-time = "2026-03-15T18:50:52.658Z" },
    { url = "https://files.pythonhosted.org/packages/6c/92/9934d1bbd69f7f398b38c5dae1cbf9cc672e7c34a4adf7b17c0a9c17d15d/charset_normalizer-3.4.6-cp312-cp312-manylinux2014_ppc64le.manylinux_2_17_ppc64le.manylinux_2_28_ppc64le.whl", hash = "sha256:836ab36280f21fc1a03c99cd05c6b7af70d2697e374c7af0b61ed271401a72a2", size = 218674, upload-time = "2026-03-15T18:50:54.102Z" },
    { url = "https://files.pythonhosted.org/packages/af/90/25f6ab406659286be929fd89ab0e78e38aa183fc374e03aa3c12d730af8a/charset_normalizer-3.4.6-cp312-cp312-manylinux2014_s390x.manylinux_2_17_s390x.manylinux_2_28_s390x.whl", hash = "sha256:f1ce721c8a7dfec21fcbdfe04e8f68174183cf4e8188e0645e92aa23985c57ff", size = 215259, upload-time = "2026-03-15T18:50:55.616Z" },
    { url = "https://files.pythonhosted.org/packages/4e/ef/79a463eb0fff7f96afa04c1d4c51f8fc85426f918db467854bfb6a569ce3/charset_normalizer-3.4.6-cp312-cp312-manylinux2014_x86_64.manylinux_2_17_x86_64.manylinux_2_28_x86_64.whl", hash = "sha256:0e28d62a8fc7a1fa411c43bd65e346f3bce9716dc51b897fbe930c5987b402d5", size = 207276, upload-time = "2026-03-15T18:50:57.054Z" },
    { url = "https://files.pythonhosted.org/packages/f7/72/d0426afec4b71dc159fa6b4e68f868cd5a3ecd918fec5813a15d292a7d10/charset_normalizer-3.4.6-cp312-cp312-manylinux_2_31_armv7l.whl", hash = "sha256:530d548084c4a9f7a16ed4a294d459b4f229db50df689bfe92027452452943a0", size = 195161, upload-time = "2026-03-15T18:50:58.686Z" },
    { url = "https://files.pythonhosted.org/packages/bf/18/c82b06a68bfcb6ce55e508225d210c7e6a4ea122bfc0748892f3dc4e8e11/charset_normalizer-3.4.6-cp312-cp312-manylinux_2_31_riscv64.manylinux_2_39_riscv64.whl", hash = "sha256:30f445ae60aad5e1f8bdbb3108e39f6fbc09f4ea16c815c66578878325f8f15a", size = 203452, upload-time = "2026-03-15T18:51:00.196Z" },
    { url = "https://files.pythonhosted.org/packages/44/d6/0c25979b92f8adafdbb946160348d8d44aa60ce99afdc27df524379875cb/charset_normalizer-3.4.6-cp312-cp312-musllinux_1_2_aarch64.whl", hash = "sha256:ac2393c73378fea4e52aa56285a3d64be50f1a12395afef9cce47772f60334c2", size = 202272, upload-time = "2026-03-15T18:51:01.703Z" },
    { url = "https://files.pythonhosted.org/packages/2e/3d/7fea3e8fe84136bebbac715dd1221cc25c173c57a699c030ab9b8900cbb7/charset_normalizer-3.4.6-cp312-cp312-musllinux_1_2_armv7l.whl", hash = "sha256:90ca27cd8da8118b18a52d5f547859cc1f8354a00cd1e8e5120df3e30d6279e5", size = 195622, upload-time = "2026-03-15T18:51:03.526Z" },
    { url = "https://files.pythonhosted.org/packages/57/8a/d6f7fd5cb96c58ef2f681424fbca01264461336d2a7fc875e4446b1f1346/charset_normalizer-3.4.6-cp312-cp312-musllinux_1_2_ppc64le.whl", hash = "sha256:8e5a94886bedca0f9b78fecd6afb6629142fd2605aa70a125d49f4edc6037ee6", size = 220056, upload-time = "2026-03-15T18:51:05.269Z" },
    { url = "https://files.pythonhosted.org/packages/16/50/478cdda782c8c9c3fb5da3cc72dd7f331f031e7f1363a893cdd6ca0f8de0/charset_normalizer-3.4.6-cp312-cp312-musllinux_1_2_riscv64.whl", hash = "sha256:695f5c2823691a25f17bc5d5ffe79fa90972cc34b002ac6c843bb8a1720e950d", size = 203751, upload-time = "2026-03-15T18:51:06.858Z" },
    { url = "https://files.pythonhosted.org/packages/75/fc/cc2fcac943939c8e4d8791abfa139f685e5150cae9f94b60f12520feaa9b/charset_normalizer-3.4.6-cp312-cp312-musllinux_1_2_s390x.whl", hash = "sha256:231d4da14bcd9301310faf492051bee27df11f2bc7549bc0bb41fef11b82daa2", size = 216563, upload-time = "2026-03-15T18:51:08.564Z" },
    { url = "https://files.pythonhosted.org/packages/a8/b7/a4add1d9a5f68f3d037261aecca83abdb0ab15960a3591d340e829b37298/charset_normalizer-3.4.6-cp312-cp312-musllinux_1_2_x86_64.whl", hash = "sha256:a056d1ad2633548ca18ffa2f85c202cfb48b68615129143915b8dc72a806a923", size = 209265, upload-time = "2026-03-15T18:51:10.312Z" },
    { url = "https://files.pythonhosted.org/packages/6c/18/c094561b5d64a24277707698e54b7f67bd17a4f857bbfbb1072bba07c8bf/charset_normalizer-3.4.6-cp312-cp312-win32.whl", hash = "sha256:c2274ca724536f173122f36c98ce188fd24ce3dad886ec2b7af859518ce008a4", size = 144229, upload-time = "2026-03-15T18:51:11.694Z" },
    { url = "https://files.pythonhosted.org/packages/ab/20/0567efb3a8fd481b8f34f739ebddc098ed062a59fed41a8d193a61939e8f/charset_normalizer-3.4.6-cp312-cp312-win_amd64.whl", hash = "sha256:c8ae56368f8cc97c7e40a7ee18e1cedaf8e780cd8bc5ed5ac8b81f238614facb", size = 154277, upload-time = "2026-03-15T18:51:13.004Z" },
    { url = "https://files.pythonhosted.org/packages/15/57/28d79b44b51933119e21f65479d0864a8d5893e494cf5daab15df0247c17/charset_normalizer-3.4.6-cp312-cp312-win_arm64.whl", hash = "sha256:899d28f422116b08be5118ef350c292b36fc15ec2daeb9ea987c89281c7bb5c4", size = 142817, upload-time = "2026-03-15T18:51:14.408Z" },
    { url = "https://files.pythonhosted.org/packages/2a/68/687187c7e26cb24ccbd88e5069f5ef00eba804d36dde11d99aad0838ab45/charset_normalizer-3.4.6-py3-none-any.whl", hash = "sha256:947cf925bc916d90adba35a64c82aace04fa39b46b52d4630ece166655905a69", size = 61455, upload-time = "2026-03-15T18:53:23.833Z" },
]

[[package]]
name = "clickhouse-connect"
version = "0.8.15"
source = { registry = "https://pypi.org/simple" }
dependencies = [
    { name = "certifi" },
    { name = "lz4" },
    { name = "pytz" },
    { name = "urllib3" },
    { name = "zstandard" },
]
sdist = { url = "https://files.pythonhosted.org/packages/18/ca/33eb6c5febdbedb1b42d2f8b3a26c4fae8af488b6a7579b6d8e7a76885b3/clickhouse_connect-0.8.15.tar.gz", hash = "sha256:bfcec8c3ce41fcef4c873cc50c7a8fc17d5f834352176b3e492b14faca2d9dab", size = 90631, upload-time = "2025-01-25T23:43:48.191Z" }
wheels = [
    { url = "https://files.pythonhosted.org/packages/e0/55/c6e994af94ae636f74151290667b4f60c028014e33bf28c2b6c17ac8f8b4/clickhouse_connect-0.8.15-cp312-cp312-macosx_10_13_x86_64.whl", hash = "sha256:a12e17d6fc187b5140c36bb236611b7ad8d579933ee01e02594ecad031ed87c5", size = 261198, upload-time = "2025-01-25T23:42:16.449Z" },
    { url = "https://files.pythonhosted.org/packages/c4/e5/02f43ad85c5952cc3b62db468702356c1e212945583da31a1641d3cd3951/clickhouse_connect-0.8.15-cp312-cp312-macosx_11_0_arm64.whl", hash = "sha256:3e08bdc73da45512fc0a93279ba883f4bcda10e8a040bc6e6a960e7ae2a921d2", size = 252891, upload-time = "2025-01-25T23:42:17.703Z" },
    { url = "https://files.pythonhosted.org/packages/bf/5b/8dbfaaa2733b975aa11c3344621b5b5f817b598abc30c96a0c8249b02dda/clickhouse_connect-0.8.15-cp312-cp312-manylinux_2_17_aarch64.manylinux2014_aarch64.whl", hash = "sha256:a993c3ee0c883d1461120b9e343bf5a8bddd3bbf65b68dacbd20697e3b660ebb", size = 1057129, upload-time = "2025-01-25T23:42:19.661Z" },
    { url = "https://files.pythonhosted.org/packages/68/3d/4ab5b7e0fa4d1bf3c854fb6b64b604a17c7c8c3b7988a750bb81502c3d44/clickhouse_connect-0.8.15-cp312-cp312-manylinux_2_17_x86_64.manylinux2014_x86_64.whl", hash = "sha256:ef3b6eb6823a5f710744e601b2512b0cefed5dab907a19989892a573e6f297f4", size = 1075498, upload-time = "2025-01-25T23:42:22.112Z" },
    { url = "https://files.pythonhosted.org/packages/6d/be/023a2fd6b64acfec42c883977eb08ed9fd744383c96c43124b9af587701c/clickhouse_connect-0.8.15-cp312-cp312-manylinux_2_5_i686.manylinux1_i686.manylinux_2_17_i686.manylinux2014_i686.whl", hash = "sha256:979f2efa3adbe168af6cb7b728804294d4ecc93b9d29fbd2847e6bcf2fa62199", size = 1030754, upload-time = "2025-01-25T23:42:24.032Z" },
    { url = "https://files.pythonhosted.org/packages/bb/58/d406d4b9f2f508f2916862cc7b37ec7b3c61c217bb728efd86609a114909/clickhouse_connect-0.8.15-cp312-cp312-musllinux_1_2_aarch64.whl", hash = "sha256:fb7726200e1088c74c9b0555ccf27d68b1c8b726e931c99ff769f9fc1de48910", size = 1056404, upload-time = "2025-01-25T23:42:25.414Z" },
    { url = "https://files.pythonhosted.org/packages/cc/36/374201e09f7200ff4a20e0dc731d4b0459decf8d46065a8a39907bed05a9/clickhouse_connect-0.8.15-cp312-cp312-musllinux_1_2_i686.whl", hash = "sha256:8bf898f0c2367bcdb2b2f96c42fd200b0339b5e532a72ae679bfbfb43f4ce5f9", size = 1073086, upload-time = "2025-01-25T23:42:26.9Z" },
    { url = "https://files.pythonhosted.org/packages/50/bb/fba7569cfad8b951b8a6497bf19ae5440ab0b305c40d680a1a2395831a1f/clickhouse_connect-0.8.15-cp312-cp312-musllinux_1_2_x86_64.whl", hash = "sha256:84d8067294ba6e65994fa887db3acdb6fbf3cbd850d5637c029f29e318eba116", size = 1098405, upload-time = "2025-01-25T23:42:29.322Z" },
    { url = "https://files.pythonhosted.org/packages/31/5c/b1ab4ddf40ce3c786011429e5a9171b662efbb8933bf8b9a7586d9eac24a/clickhouse_connect-0.8.15-cp312-cp312-win32.whl", hash = "sha256:83527c9bc48a096e63f91cc429bf3fad01fe5b78ea83fd7751f9702f97388381", size = 228612, upload-time = "2025-01-25T23:42:30.641Z" },
    { url = "https://files.pythonhosted.org/packages/fe/d4/3060fe62a3e0e1c41303acb7a00240a5a867774f176ca9c485d03727d4f6/clickhouse_connect-0.8.15-cp312-cp312-win_amd64.whl", hash = "sha256:f63e5500d36e79deb91bfeb82548dd1737b57684405566bc9652d8fede8ce451", size = 246549, upload-time = "2025-01-25T23:42:32.574Z" },
]

[[package]]
name = "colorama"
version = "0.4.6"
source = { registry = "https://pypi.org/simple" }
sdist = { url = "https://files.pythonhosted.org/packages/d8/53/6f443c9a4a8358a93a6792e2acffb9d9d5cb0a5cfd8802644b7b1c9a02e4/colorama-0.4.6.tar.gz", hash = "sha256:08695f5cb7ed6e0531a20572697297273c47b8cae5a63ffc6d6ed5c201be6e44", size = 27697, upload-time = "2022-10-25T02:36:22.414Z" }
wheels = [
    { url = "https://files.pythonhosted.org/packages/d1/d6/3965ed04c63042e047cb6a3e6ed1a63a35087b6a609aa3a15ed8ac56c221/colorama-0.4.6-py2.py3-none-any.whl", hash = "sha256:4f1d9991f5acc0ca119f9d443620b77f9d6b33703e51011c16baf57afb285fc6", size = 25335, upload-time = "2022-10-25T02:36:20.889Z" },
]

[[package]]
name = "config-client"
version = "0.0.0"
source = { directory = "../../optscale_client/config_client" }
dependencies = [
    { name = "python-etcd" },
    { name = "retrying" },
    { name = "urllib3" },
]

[package.metadata]
requires-dist = [
    { name = "python-etcd", specifier = "==0.4.5" },
    { name = "retrying" },
    { name = "urllib3", specifier = "==2.5" },
]

[[package]]
name = "coverage"
version = "4.2"
source = { registry = "https://pypi.org/simple" }
sdist = { url = "https://files.pythonhosted.org/packages/53/fe/9e0fbdbca15c2c1253379c3a694f4315a420555e7874445b06edeaeacaea/coverage-4.2.tar.gz", hash = "sha256:e312776d3ef04632ec742ce2d2b7048b635073e0245e4f44dfe8b08cc50ac656", size = 359873, upload-time = "2016-07-26T21:09:39.762Z" }

[[package]]
name = "dill"
version = "0.4.1"
source = { registry = "https://pypi.org/simple" }
sdist = { url = "https://files.pythonhosted.org/packages/81/e1/56027a71e31b02ddc53c7d65b01e68edf64dea2932122fe7746a516f75d5/dill-0.4.1.tar.gz", hash = "sha256:423092df4182177d4d8ba8290c8a5b640c66ab35ec7da59ccfa00f6fa3eea5fa", size = 187315, upload-time = "2026-01-19T02:36:56.85Z" }
wheels = [
    { url = "https://files.pythonhosted.org/packages/1e/77/dc8c558f7593132cf8fefec57c4f60c83b16941c574ac5f619abb3ae7933/dill-0.4.1-py3-none-any.whl", hash = "sha256:1e1ce33e978ae97fcfcff5638477032b801c46c7c65cf717f95fbc2248f79a9d", size = 120019, upload-time = "2026-01-19T02:36:55.663Z" },
]

[[package]]
name = "dnspython"
version = "2.8.0"
source = { registry = "https://pypi.org/simple" }
sdist = { url = "https://files.pythonhosted.org/packages/8c/8b/57666417c0f90f08bcafa776861060426765fdb422eb10212086fb811d26/dnspython-2.8.0.tar.gz", hash = "sha256:181d3c6996452cb1189c4046c61599b84a5a86e099562ffde77d26984ff26d0f", size = 368251, upload-time = "2025-09-07T18:58:00.022Z" }
wheels = [
    { url = "https://files.pythonhosted.org/packages/ba/5a/18ad964b0086c6e62e2e7500f7edc89e3faa45033c71c1893d34eed2b2de/dnspython-2.8.0-py3-none-any.whl", hash = "sha256:01d9bbc4a2d76bf0db7c1f729812ded6d912bd318d3b1cf81d30c0f845dbf3af", size = 331094, upload-time = "2025-09-07T18:57:58.071Z" },
]

[[package]]
name = "gemini-data-worker"
version = "0.1.0"
source = { editable = "." }
dependencies = [
    { name = "boto3" },
    { name = "clickhouse-connect" },
    { name = "config-client" },
    { name = "kombu" },
    { name = "restapi-client" },
]

[package.dev-dependencies]
dev = [
    { name = "coverage" },
    { name = "pycodestyle" },
    { name = "pylint" },
]

[package.metadata]
requires-dist = [
    { name = "boto3", specifier = "==1.34.7" },
    { name = "clickhouse-connect", specifier = "==0.8.15" },
    { name = "config-client", directory = "../../optscale_client/config_client" },
    { name = "kombu", specifier = "==5.5.4" },
    { name = "restapi-client", directory = "../../optscale_client/rest_api_client" },
]

[package.metadata.requires-dev]
dev = [
    { name = "coverage", specifier = "==4.2" },
    { name = "pycodestyle", specifier = "==2.11.1" },
    { name = "pylint", specifier = "==3.0.2" },
]

[[package]]
name = "idna"
version = "3.11"
source = { registry = "https://pypi.org/simple" }
sdist = { url = "https://files.pythonhosted.org/packages/6f/6d/0703ccc57f3a7233505399edb88de3cbd678da106337b9fcde432b65ed60/idna-3.11.tar.gz", hash = "sha256:795dafcc9c04ed0c1fb032c2aa73654d8e8c5023a7df64a53f39190ada629902", size = 194582, upload-time = "2025-10-12T14:55:20.501Z" }
wheels = [
    { url = "https://files.pythonhosted.org/packages/0e/61/66938bbb5fc52dbdf84594873d5b51fb1f7c7794e9c0f5bd885f30bc507b/idna-3.11-py3-none-any.whl", hash = "sha256:771a87f49d9defaf64091e6e6fe9c18d4833f140bd19464795bc32d966ca37ea", size = 71008, upload-time = "2025-10-12T14:55:18.883Z" },
]

[[package]]
name = "isort"
version = "5.13.2"
source = { registry = "https://pypi.org/simple" }
sdist = { url = "https://files.pythonhosted.org/packages/87/f9/c1eb8635a24e87ade2efce21e3ce8cd6b8630bb685ddc9cdaca1349b2eb5/isort-5.13.2.tar.gz", hash = "sha256:48fdfcb9face5d58a4f6dde2e72a1fb8dcaf8ab26f95ab49fab84c2ddefb0109", size = 175303, upload-time = "2023-12-13T20:37:26.124Z" }
wheels = [
    { url = "https://files.pythonhosted.org/packages/d1/b3/8def84f539e7d2289a02f0524b944b15d7c75dab7628bedf1c4f0992029c/isort-5.13.2-py3-none-any.whl", hash = "sha256:8ca5e72a8d85860d5a3fa69b8745237f2939afe12dbf656afbcb47fe72d947a6", size = 92310, upload-time = "2023-12-13T20:37:23.244Z" },
]

[[package]]
name = "jmespath"
version = "1.1.0"
source = { registry = "https://pypi.org/simple" }
sdist = { url = "https://files.pythonhosted.org/packages/d3/59/322338183ecda247fb5d1763a6cbe46eff7222eaeebafd9fa65d4bf5cb11/jmespath-1.1.0.tar.gz", hash = "sha256:472c87d80f36026ae83c6ddd0f1d05d4e510134ed462851fd5f754c8c3cbb88d", size = 27377, upload-time = "2026-01-22T16:35:26.279Z" }
wheels = [
    { url = "https://files.pythonhosted.org/packages/14/2f/967ba146e6d58cf6a652da73885f52fc68001525b4197effc174321d70b4/jmespath-1.1.0-py3-none-any.whl", hash = "sha256:a5663118de4908c91729bea0acadca56526eb2698e83de10cd116ae0f4e97c64", size = 20419, upload-time = "2026-01-22T16:35:24.919Z" },
]

[[package]]
name = "kombu"
version = "5.5.4"
source = { registry = "https://pypi.org/simple" }
dependencies = [
    { name = "amqp" },
    { name = "packaging" },
    { name = "tzdata" },
    { name = "vine" },
]
sdist = { url = "https://files.pythonhosted.org/packages/0f/d3/5ff936d8319ac86b9c409f1501b07c426e6ad41966fedace9ef1b966e23f/kombu-5.5.4.tar.gz", hash = "sha256:886600168275ebeada93b888e831352fe578168342f0d1d5833d88ba0d847363", size = 461992, upload-time = "2025-06-01T10:19:22.281Z" }
wheels = [
    { url = "https://files.pythonhosted.org/packages/ef/70/a07dcf4f62598c8ad579df241af55ced65bed76e42e45d3c368a6d82dbc1/kombu-5.5.4-py3-none-any.whl", hash = "sha256:a12ed0557c238897d8e518f1d1fdf84bd1516c5e305af2dacd85c2015115feb8", size = 210034, upload-time = "2025-06-01T10:19:20.436Z" },
]

[[package]]
name = "lz4"
version = "4.4.5"
source = { registry = "https://pypi.org/simple" }
sdist = { url = "https://files.pythonhosted.org/packages/57/51/f1b86d93029f418033dddf9b9f79c8d2641e7454080478ee2aab5123173e/lz4-4.4.5.tar.gz", hash = "sha256:5f0b9e53c1e82e88c10d7c180069363980136b9d7a8306c4dca4f760d60c39f0", size = 172886, upload-time = "2025-11-03T13:02:36.061Z" }
wheels = [
    { url = "https://files.pythonhosted.org/packages/1b/ac/016e4f6de37d806f7cc8f13add0a46c9a7cfc41a5ddc2bc831d7954cf1ce/lz4-4.4.5-cp312-cp312-macosx_10_13_x86_64.whl", hash = "sha256:df5aa4cead2044bab83e0ebae56e0944cc7fcc1505c7787e9e1057d6d549897e", size = 207163, upload-time = "2025-11-03T13:01:45.895Z" },
    { url = "https://files.pythonhosted.org/packages/8d/df/0fadac6e5bd31b6f34a1a8dbd4db6a7606e70715387c27368586455b7fc9/lz4-4.4.5-cp312-cp312-macosx_11_0_arm64.whl", hash = "sha256:6d0bf51e7745484d2092b3a51ae6eb58c3bd3ce0300cf2b2c14f76c536d5697a", size = 207150, upload-time = "2025-11-03T13:01:47.205Z" },
    { url = "https://files.pythonhosted.org/packages/b7/17/34e36cc49bb16ca73fb57fbd4c5eaa61760c6b64bce91fcb4e0f4a97f852/lz4-4.4.5-cp312-cp312-manylinux1_i686.manylinux_2_28_i686.manylinux_2_5_i686.whl", hash = "sha256:7b62f94b523c251cf32aa4ab555f14d39bd1a9df385b72443fd76d7c7fb051f5", size = 1292045, upload-time = "2025-11-03T13:01:48.667Z" },
    { url = "https://files.pythonhosted.org/packages/90/1c/b1d8e3741e9fc89ed3b5f7ef5f22586c07ed6bb04e8343c2e98f0fa7ff04/lz4-4.4.5-cp312-cp312-manylinux2014_aarch64.manylinux_2_17_aarch64.manylinux_2_28_aarch64.whl", hash = "sha256:2c3ea562c3af274264444819ae9b14dbbf1ab070aff214a05e97db6896c7597e", size = 1279546, upload-time = "2025-11-03T13:01:50.159Z" },
    { url = "https://files.pythonhosted.org/packages/55/d9/e3867222474f6c1b76e89f3bd914595af69f55bf2c1866e984c548afdc15/lz4-4.4.5-cp312-cp312-manylinux2014_x86_64.manylinux_2_17_x86_64.manylinux_2_28_x86_64.whl", hash = "sha256:24092635f47538b392c4eaeff14c7270d2c8e806bf4be2a6446a378591c5e69e", size = 1368249, upload-time = "2025-11-03T13:01:51.273Z" },
    { url = "https://files.pythonhosted.org/packages/b2/e7/d667d337367686311c38b580d1ca3d5a23a6617e129f26becd4f5dc458df/lz4-4.4.5-cp312-cp312-win32.whl", hash = "sha256:214e37cfe270948ea7eb777229e211c601a3e0875541c1035ab408fbceaddf50", size = 88189, upload-time = "2025-11-03T13:01:52.605Z" },
    { url = "https://files.pythonhosted.org/packages/a5/0b/a54cd7406995ab097fceb907c7eb13a6ddd49e0b231e448f1a81a50af65c/lz4-4.4.5-cp312-cp312-win_amd64.whl", hash = "sha256:713a777de88a73425cf08eb11f742cd2c98628e79a8673d6a52e3c5f0c116f33", size = 99497, upload-time = "2025-11-03T13:01:53.477Z" },
    { url = "https://files.pythonhosted.org/packages/6a/7e/dc28a952e4bfa32ca16fa2eb026e7a6ce5d1411fcd5986cd08c74ec187b9/lz4-4.4.5-cp312-cp312-win_arm64.whl", hash = "sha256:a88cbb729cc333334ccfb52f070463c21560fca63afcf636a9f160a55fac3301", size = 91279, upload-time = "2025-11-03T13:01:54.419Z" },
]

[[package]]
name = "mccabe"
version = "0.7.0"
source = { registry = "https://pypi.org/simple" }
sdist = { url = "https://files.pythonhosted.org/packages/e7/ff/0ffefdcac38932a54d2b5eed4e0ba8a408f215002cd178ad1df0f2806ff8/mccabe-0.7.0.tar.gz", hash = "sha256:348e0240c33b60bbdf4e523192ef919f28cb2c3d7d5c7794f74009290f236325", size = 9658, upload-time = "2022-01-24T01:14:51.113Z" }
wheels = [
    { url = "https://files.pythonhosted.org/packages/27/1a/1f68f9ba0c207934b35b86a8ca3aad8395a3d6dd7921c0686e23853ff5a9/mccabe-0.7.0-py2.py3-none-any.whl", hash = "sha256:6c2d30ab6be0e4a46919781807b4f0d834ebdd6c6e3dca0bda5a15f863427b6e", size = 7350, upload-time = "2022-01-24T01:14:49.62Z" },
]

[[package]]
name = "packaging"
version = "26.0"
source = { registry = "https://pypi.org/simple" }
sdist = { url = "https://files.pythonhosted.org/packages/65/ee/299d360cdc32edc7d2cf530f3accf79c4fca01e96ffc950d8a52213bd8e4/packaging-26.0.tar.gz", hash = "sha256:00243ae351a257117b6a241061796684b084ed1c516a08c48a3f7e147a9d80b4", size = 143416, upload-time = "2026-01-21T20:50:39.064Z" }
wheels = [
    { url = "https://files.pythonhosted.org/packages/b7/b9/c538f279a4e237a006a2c98387d081e9eb060d203d8ed34467cc0f0b9b53/packaging-26.0-py3-none-any.whl", hash = "sha256:b36f1fef9334a5588b4166f8bcd26a14e521f2b55e6b9de3aaa80d3ff7a37529", size = 74366, upload-time = "2026-01-21T20:50:37.788Z" },
]

[[package]]
name = "platformdirs"
version = "4.9.4"
source = { registry = "https://pypi.org/simple" }
sdist = { url = "https://files.pythonhosted.org/packages/19/56/8d4c30c8a1d07013911a8fdbd8f89440ef9f08d07a1b50ab8ca8be5a20f9/platformdirs-4.9.4.tar.gz", hash = "sha256:1ec356301b7dc906d83f371c8f487070e99d3ccf9e501686456394622a01a934", size = 28737, upload-time = "2026-03-05T18:34:13.271Z" }
wheels = [
    { url = "https://files.pythonhosted.org/packages/63/d7/97f7e3a6abb67d8080dd406fd4df842c2be0efaf712d1c899c32a075027c/platformdirs-4.9.4-py3-none-any.whl", hash = "sha256:68a9a4619a666ea6439f2ff250c12a853cd1cbd5158d258bd824a7df6be2f868", size = 21216, upload-time = "2026-03-05T18:34:12.172Z" },
]

[[package]]
name = "pycodestyle"
version = "2.11.1"
source = { registry = "https://pypi.org/simple" }
sdist = { url = "https://files.pythonhosted.org/packages/34/8f/fa09ae2acc737b9507b5734a9aec9a2b35fa73409982f57db1b42f8c3c65/pycodestyle-2.11.1.tar.gz", hash = "sha256:41ba0e7afc9752dfb53ced5489e89f8186be00e599e712660695b7a75ff2663f", size = 38974, upload-time = "2023-10-12T23:39:39.762Z" }
wheels = [
    { url = "https://files.pythonhosted.org/packages/b1/90/a998c550d0ddd07e38605bb5c455d00fcc177a800ff9cc3dafdcb3dd7b56/pycodestyle-2.11.1-py2.py3-none-any.whl", hash = "sha256:44fe31000b2d866f2e41841b18528a505fbd7fef9017b04eff4e2648a0fadc67", size = 31132, upload-time = "2023-10-12T23:39:38.242Z" },
]

[[package]]
name = "pylint"
version = "3.0.2"
source = { registry = "https://pypi.org/simple" }
dependencies = [
    { name = "astroid" },
    { name = "colorama", marker = "sys_platform == 'win32'" },
    { name = "dill" },
    { name = "isort" },
    { name = "mccabe" },
    { name = "platformdirs" },
    { name = "tomlkit" },
]
sdist = { url = "https://files.pythonhosted.org/packages/10/ab/f0ad2a4fb3265d71685627db452398f769b48d64d81c7d66ca8c4f4c198b/pylint-3.0.2.tar.gz", hash = "sha256:0d4c286ef6d2f66c8bfb527a7f8a629009e42c99707dec821a03e1b51a4c1496", size = 441751, upload-time = "2023-10-22T13:55:20.274Z" }
wheels = [
    { url = "https://files.pythonhosted.org/packages/30/2e/228a17bc770bbb5b327e7a5ed50deb698e2d94f13dadca34cd36933ec4e6/pylint-3.0.2-py3-none-any.whl", hash = "sha256:60ed5f3a9ff8b61839ff0348b3624ceeb9e6c2a92c514d81c9cc273da3b6bcda", size = 510598, upload-time = "2023-10-22T13:55:18.204Z" },
]

[[package]]
name = "python-dateutil"
version = "2.9.0.post0"
source = { registry = "https://pypi.org/simple" }
dependencies = [
    { name = "six" },
]
sdist = { url = "https://files.pythonhosted.org/packages/66/c0/0c8b6ad9f17a802ee498c46e004a0eb49bc148f2fd230864601a86dcf6db/python-dateutil-2.9.0.post0.tar.gz", hash = "sha256:37dd54208da7e1cd875388217d5e00ebd4179249f90fb72437e91a35459a0ad3", size = 342432, upload-time = "2024-03-01T18:36:20.211Z" }
wheels = [
    { url = "https://files.pythonhosted.org/packages/ec/57/56b9bcc3c9c6a792fcbaf139543cee77261f3651ca9da0c93f5c1221264b/python_dateutil-2.9.0.post0-py2.py3-none-any.whl", hash = "sha256:a8b2bc7bffae282281c8140a97d3aa9c14da0b136dfe83f850eea9a5f7470427", size = 229892, upload-time = "2024-03-01T18:36:18.57Z" },
]

[[package]]
name = "python-etcd"
version = "0.4.5"
source = { registry = "https://pypi.org/simple" }
dependencies = [
    { name = "dnspython" },
    { name = "urllib3" },
]
sdist = { url = "https://files.pythonhosted.org/packages/a1/da/616a4d073642da5dd432e5289b7c1cb0963cc5dde23d1ecb8d726821ab41/python-etcd-0.4.5.tar.gz", hash = "sha256:f1b5ebb825a3e8190494f5ce1509fde9069f2754838ed90402a8c11e1f52b8cb", size = 37270, upload-time = "2017-03-02T23:05:36.016Z" }

[[package]]
name = "pytz"
version = "2026.1.post1"
source = { registry = "https://pypi.org/simple" }
sdist = { url = "https://files.pythonhosted.org/packages/56/db/b8721d71d945e6a8ac63c0fc900b2067181dbb50805958d4d4661cf7d277/pytz-2026.1.post1.tar.gz", hash = "sha256:3378dde6a0c3d26719182142c56e60c7f9af7e968076f31aae569d72a0358ee1", size = 321088, upload-time = "2026-03-03T07:47:50.683Z" }
wheels = [
    { url = "https://files.pythonhosted.org/packages/10/99/781fe0c827be2742bcc775efefccb3b048a3a9c6ce9aec0cbf4a101677e5/pytz-2026.1.post1-py2.py3-none-any.whl", hash = "sha256:f2fd16142fda348286a75e1a524be810bb05d444e5a081f37f7affc635035f7a", size = 510489, upload-time = "2026-03-03T07:47:49.167Z" },
]

[[package]]
name = "requests"
version = "2.32.4"
source = { registry = "https://pypi.org/simple" }
dependencies = [
    { name = "certifi" },
    { name = "charset-normalizer" },
    { name = "idna" },
    { name = "urllib3" },
]
sdist = { url = "https://files.pythonhosted.org/packages/e1/0a/929373653770d8a0d7ea76c37de6e41f11eb07559b103b1c02cafb3f7cf8/requests-2.32.4.tar.gz", hash = "sha256:27d0316682c8a29834d3264820024b62a36942083d52caf2f14c0591336d3422", size = 135258, upload-time = "2025-06-09T16:43:07.34Z" }
wheels = [
    { url = "https://files.pythonhosted.org/packages/7c/e4/56027c4a6b4ae70ca9de302488c5ca95ad4a39e190093d6c1a8ace08341b/requests-2.32.4-py3-none-any.whl", hash = "sha256:27babd3cda2a6d50b30443204ee89830707d396671944c998b5975b031ac2b2c", size = 64847, upload-time = "2025-06-09T16:43:05.728Z" },
]

[[package]]
name = "restapi-client"
version = "0.0.0"
source = { directory = "../../optscale_client/rest_api_client" }
dependencies = [
    { name = "requests" },
    { name = "retrying" },
]

[package.metadata]
requires-dist = [
    { name = "requests", specifier = "==2.32.4" },
    { name = "retrying", specifier = ">=1.4.1" },
]

[[package]]
name = "retrying"
version = "1.4.2"
source = { registry = "https://pypi.org/simple" }
sdist = { url = "https://files.pythonhosted.org/packages/c8/5a/b17e1e257d3e6f2e7758930e1256832c9ddd576f8631781e6a072914befa/retrying-1.4.2.tar.gz", hash = "sha256:d102e75d53d8d30b88562d45361d6c6c934da06fab31bd81c0420acb97a8ba39", size = 11411, upload-time = "2025-08-03T03:35:25.189Z" }
wheels = [
    { url = "https://files.pythonhosted.org/packages/67/f3/6cd296376653270ac1b423bb30bd70942d9916b6978c6f40472d6ac038e7/retrying-1.4.2-py3-none-any.whl", hash = "sha256:bbc004aeb542a74f3569aeddf42a2516efefcdaff90df0eb38fbfbf19f179f59", size = 10859, upload-time = "2025-08-03T03:35:23.829Z" },
]

[[package]]
name = "s3transfer"
version = "0.10.4"
source = { registry = "https://pypi.org/simple" }
dependencies = [
    { name = "botocore" },
]
sdist = { url = "https://files.pythonhosted.org/packages/c0/0a/1cdbabf9edd0ea7747efdf6c9ab4e7061b085aa7f9bfc36bb1601563b069/s3transfer-0.10.4.tar.gz", hash = "sha256:29edc09801743c21eb5ecbc617a152df41d3c287f67b615f73e5f750583666a7", size = 145287, upload-time = "2024-11-20T21:06:05.981Z" }
wheels = [
    { url = "https://files.pythonhosted.org/packages/66/05/7957af15543b8c9799209506df4660cba7afc4cf94bfb60513827e96bed6/s3transfer-0.10.4-py3-none-any.whl", hash = "sha256:244a76a24355363a68164241438de1b72f8781664920260c48465896b712a41e", size = 83175, upload-time = "2024-11-20T21:06:03.961Z" },
]

[[package]]
name = "six"
version = "1.17.0"
source = { registry = "https://pypi.org/simple" }
sdist = { url = "https://files.pythonhosted.org/packages/94/e7/b2c673351809dca68a0e064b6af791aa332cf192da575fd474ed7d6f16a2/six-1.17.0.tar.gz", hash = "sha256:ff70335d468e7eb6ec65b95b99d3a2836546063f63acc5171de367e834932a81", size = 34031, upload-time = "2024-12-04T17:35:28.174Z" }
wheels = [
    { url = "https://files.pythonhosted.org/packages/b7/ce/149a00dd41f10bc29e5921b496af8b574d8413afcd5e30dfa0ed46c2cc5e/six-1.17.0-py2.py3-none-any.whl", hash = "sha256:4721f391ed90541fddacab5acf947aa0d3dc7d27b2e1e8eda2be8970586c3274", size = 11050, upload-time = "2024-12-04T17:35:26.475Z" },
]

[[package]]
name = "tomlkit"
version = "0.14.0"
source = { registry = "https://pypi.org/simple" }
sdist = { url = "https://files.pythonhosted.org/packages/c3/af/14b24e41977adb296d6bd1fb59402cf7d60ce364f90c890bd2ec65c43b5a/tomlkit-0.14.0.tar.gz", hash = "sha256:cf00efca415dbd57575befb1f6634c4f42d2d87dbba376128adb42c121b87064", size = 187167, upload-time = "2026-01-13T01:14:53.304Z" }
wheels = [
    { url = "https://files.pythonhosted.org/packages/b5/11/87d6d29fb5d237229d67973a6c9e06e048f01cf4994dee194ab0ea841814/tomlkit-0.14.0-py3-none-any.whl", hash = "sha256:592064ed85b40fa213469f81ac584f67a4f2992509a7c3ea2d632208623a3680", size = 39310, upload-time = "2026-01-13T01:14:51.965Z" },
]

[[package]]
name = "tzdata"
version = "2025.3"
source = { registry = "https://pypi.org/simple" }
sdist = { url = "https://files.pythonhosted.org/packages/5e/a7/c202b344c5ca7daf398f3b8a477eeb205cf3b6f32e7ec3a6bac0629ca975/tzdata-2025.3.tar.gz", hash = "sha256:de39c2ca5dc7b0344f2eba86f49d614019d29f060fc4ebc8a417896a620b56a7", size = 196772, upload-time = "2025-12-13T17:45:35.667Z" }
wheels = [
    { url = "https://files.pythonhosted.org/packages/c7/b0/003792df09decd6849a5e39c28b513c06e84436a54440380862b5aeff25d/tzdata-2025.3-py2.py3-none-any.whl", hash = "sha256:06a47e5700f3081aab02b2e513160914ff0694bce9947d6b76ebd6bf57cfc5d1", size = 348521, upload-time = "2025-12-13T17:45:33.889Z" },
]

[[package]]
name = "urllib3"
version = "2.5.0"
source = { registry = "https://pypi.org/simple" }
sdist = { url = "https://files.pythonhosted.org/packages/15/22/9ee70a2574a4f4599c47dd506532914ce044817c7752a79b6a51286319bc/urllib3-2.5.0.tar.gz", hash = "sha256:3fc47733c7e419d4bc3f6b3dc2b4f890bb743906a30d56ba4a5bfa4bbff92760", size = 393185, upload-time = "2025-06-18T14:07:41.644Z" }
wheels = [
    { url = "https://files.pythonhosted.org/packages/a7/c2/fe1e52489ae3122415c51f387e221dd0773709bad6c6cdaa599e8a2c5185/urllib3-2.5.0-py3-none-any.whl", hash = "sha256:e6b01673c0fa6a13e374b50871808eb3bf7046c4b125b216f6bf1cc604cff0dc", size = 129795, upload-time = "2025-06-18T14:07:40.39Z" },
]

[[package]]
name = "vine"
version = "5.1.0"
source = { registry = "https://pypi.org/simple" }
sdist = { url = "https://files.pythonhosted.org/packages/bd/e4/d07b5f29d283596b9727dd5275ccbceb63c44a1a82aa9e4bfd20426762ac/vine-5.1.0.tar.gz", hash = "sha256:8b62e981d35c41049211cf62a0a1242d8c1ee9bd15bb196ce38aefd6799e61e0", size = 48980, upload-time = "2023-11-05T08:46:53.857Z" }
wheels = [
    { url = "https://files.pythonhosted.org/packages/03/ff/7c0c86c43b3cbb927e0ccc0255cb4057ceba4799cd44ae95174ce8e8b5b2/vine-5.1.0-py3-none-any.whl", hash = "sha256:40fdf3c48b2cfe1c38a49e9ae2da6fda88e4794c810050a728bd7413811fb1dc", size = 9636, upload-time = "2023-11-05T08:46:51.205Z" },
]

[[package]]
name = "zstandard"
version = "0.25.0"
source = { registry = "https://pypi.org/simple" }
sdist = { url = "https://files.pythonhosted.org/packages/fd/aa/3e0508d5a5dd96529cdc5a97011299056e14c6505b678fd58938792794b1/zstandard-0.25.0.tar.gz", hash = "sha256:7713e1179d162cf5c7906da876ec2ccb9c3a9dcbdffef0cc7f70c3667a205f0b", size = 711513, upload-time = "2025-09-14T22:15:54.002Z" }
wheels = [
    { url = "https://files.pythonhosted.org/packages/82/fc/f26eb6ef91ae723a03e16eddb198abcfce2bc5a42e224d44cc8b6765e57e/zstandard-0.25.0-cp312-cp312-macosx_10_13_x86_64.whl", hash = "sha256:7b3c3a3ab9daa3eed242d6ecceead93aebbb8f5f84318d82cee643e019c4b73b", size = 795738, upload-time = "2025-09-14T22:16:56.237Z" },
    { url = "https://files.pythonhosted.org/packages/aa/1c/d920d64b22f8dd028a8b90e2d756e431a5d86194caa78e3819c7bf53b4b3/zstandard-0.25.0-cp312-cp312-macosx_11_0_arm64.whl", hash = "sha256:913cbd31a400febff93b564a23e17c3ed2d56c064006f54efec210d586171c00", size = 640436, upload-time = "2025-09-14T22:16:57.774Z" },
    { url = "https://files.pythonhosted.org/packages/53/6c/288c3f0bd9fcfe9ca41e2c2fbfd17b2097f6af57b62a81161941f09afa76/zstandard-0.25.0-cp312-cp312-manylinux2010_i686.manylinux2014_i686.manylinux_2_12_i686.manylinux_2_17_i686.whl", hash = "sha256:011d388c76b11a0c165374ce660ce2c8efa8e5d87f34996aa80f9c0816698b64", size = 5343019, upload-time = "2025-09-14T22:16:59.302Z" },
    { url = "https://files.pythonhosted.org/packages/1e/15/efef5a2f204a64bdb5571e6161d49f7ef0fffdbca953a615efbec045f60f/zstandard-0.25.0-cp312-cp312-manylinux2014_aarch64.manylinux_2_17_aarch64.whl", hash = "sha256:6dffecc361d079bb48d7caef5d673c88c8988d3d33fb74ab95b7ee6da42652ea", size = 5063012, upload-time = "2025-09-14T22:17:01.156Z" },
    { url = "https://files.pythonhosted.org/packages/b7/37/a6ce629ffdb43959e92e87ebdaeebb5ac81c944b6a75c9c47e300f85abdf/zstandard-0.25.0-cp312-cp312-manylinux2014_ppc64le.manylinux_2_17_ppc64le.whl", hash = "sha256:7149623bba7fdf7e7f24312953bcf73cae103db8cae49f8154dd1eadc8a29ecb", size = 5394148, upload-time = "2025-09-14T22:17:03.091Z" },
    { url = "https://files.pythonhosted.org/packages/e3/79/2bf870b3abeb5c070fe2d670a5a8d1057a8270f125ef7676d29ea900f496/zstandard-0.25.0-cp312-cp312-manylinux2014_s390x.manylinux_2_17_s390x.whl", hash = "sha256:6a573a35693e03cf1d67799fd01b50ff578515a8aeadd4595d2a7fa9f3ec002a", size = 5451652, upload-time = "2025-09-14T22:17:04.979Z" },
    { url = "https://files.pythonhosted.org/packages/53/60/7be26e610767316c028a2cbedb9a3beabdbe33e2182c373f71a1c0b88f36/zstandard-0.25.0-cp312-cp312-manylinux2014_x86_64.manylinux_2_17_x86_64.whl", hash = "sha256:5a56ba0db2d244117ed744dfa8f6f5b366e14148e00de44723413b2f3938a902", size = 5546993, upload-time = "2025-09-14T22:17:06.781Z" },
    { url = "https://files.pythonhosted.org/packages/85/c7/3483ad9ff0662623f3648479b0380d2de5510abf00990468c286c6b04017/zstandard-0.25.0-cp312-cp312-musllinux_1_1_aarch64.whl", hash = "sha256:10ef2a79ab8e2974e2075fb984e5b9806c64134810fac21576f0668e7ea19f8f", size = 5046806, upload-time = "2025-09-14T22:17:08.415Z" },
    { url = "https://files.pythonhosted.org/packages/08/b3/206883dd25b8d1591a1caa44b54c2aad84badccf2f1de9e2d60a446f9a25/zstandard-0.25.0-cp312-cp312-musllinux_1_1_x86_64.whl", hash = "sha256:aaf21ba8fb76d102b696781bddaa0954b782536446083ae3fdaa6f16b25a1c4b", size = 5576659, upload-time = "2025-09-14T22:17:10.164Z" },
    { url = "https://files.pythonhosted.org/packages/9d/31/76c0779101453e6c117b0ff22565865c54f48f8bd807df2b00c2c404b8e0/zstandard-0.25.0-cp312-cp312-musllinux_1_2_aarch64.whl", hash = "sha256:1869da9571d5e94a85a5e8d57e4e8807b175c9e4a6294e3b66fa4efb074d90f6", size = 4953933, upload-time = "2025-09-14T22:17:11.857Z" },
    { url = "https://files.pythonhosted.org/packages/18/e1/97680c664a1bf9a247a280a053d98e251424af51f1b196c6d52f117c9720/zstandard-0.25.0-cp312-cp312-musllinux_1_2_i686.whl", hash = "sha256:809c5bcb2c67cd0ed81e9229d227d4ca28f82d0f778fc5fea624a9def3963f91", size = 5268008, upload-time = "2025-09-14T22:17:13.627Z" },
    { url = "https://files.pythonhosted.org/packages/1e/73/316e4010de585ac798e154e88fd81bb16afc5c5cb1a72eeb16dd37e8024a/zstandard-0.25.0-cp312-cp312-musllinux_1_2_ppc64le.whl", hash = "sha256:f27662e4f7dbf9f9c12391cb37b4c4c3cb90ffbd3b1fb9284dadbbb8935fa708", size = 5433517, upload-time = "2025-09-14T22:17:16.103Z" },
    { url = "https://files.pythonhosted.org/packages/5b/60/dd0f8cfa8129c5a0ce3ea6b7f70be5b33d2618013a161e1ff26c2b39787c/zstandard-0.25.0-cp312-cp312-musllinux_1_2_s390x.whl", hash = "sha256:99c0c846e6e61718715a3c9437ccc625de26593fea60189567f0118dc9db7512", size = 5814292, upload-time = "2025-09-14T22:17:17.827Z" },
    { url = "https://files.pythonhosted.org/packages/fc/5f/75aafd4b9d11b5407b641b8e41a57864097663699f23e9ad4dbb91dc6bfe/zstandard-0.25.0-cp312-cp312-musllinux_1_2_x86_64.whl", hash = "sha256:474d2596a2dbc241a556e965fb76002c1ce655445e4e3bf38e5477d413165ffa", size = 5360237, upload-time = "2025-09-14T22:17:19.954Z" },
    { url = "https://files.pythonhosted.org/packages/ff/8d/0309daffea4fcac7981021dbf21cdb2e3427a9e76bafbcdbdf5392ff99a4/zstandard-0.25.0-cp312-cp312-win32.whl", hash = "sha256:23ebc8f17a03133b4426bcc04aabd68f8236eb78c3760f12783385171b0fd8bd", size = 436922, upload-time = "2025-09-14T22:17:24.398Z" },
    { url = "https://files.pythonhosted.org/packages/79/3b/fa54d9015f945330510cb5d0b0501e8253c127cca7ebe8ba46a965df18c5/zstandard-0.25.0-cp312-cp312-win_amd64.whl", hash = "sha256:ffef5a74088f1e09947aecf91011136665152e0b4b359c42be3373897fb39b01", size = 506276, upload-time = "2025-09-14T22:17:21.429Z" },
    { url = "https://files.pythonhosted.org/packages/ea/6b/8b51697e5319b1f9ac71087b0af9a40d8a6288ff8025c36486e0c12abcc4/zstandard-0.25.0-cp312-cp312-win_arm64.whl", hash = "sha256:181eb40e0b6a29b3cd2849f825e0fa34397f649170673d385f3598ae17cca2e9", size = 462679, upload-time = "2025-09-14T22:17:23.147Z" },
]
